
Microsoft Visual Studio Solution File, Format Version 12.00
# Visual Studio 14
VisualStudioVersion = 14.0.25420.1
MinimumVisualStudioVersion = 10.0.40219.1
Project("{FAE04EC0-301F-11D3-BF4B-00C04F79EFBC}") = "mbox-iterator", "src\mbox-iterator\mbox-iterator.csproj", "{652DF6F0-46AF-4069-9B38-FCAB284AF799}"
EndProject
Project("{FAE04EC0-301F-11D3-BF4B-00C04F79EFBC}") = "mbox-iterator.Test", "test\mbox-iterator.Test\mbox-iterator.Test.csproj", "{877B9725-97B8-44A2-AAB9-DFC78D589917}"
EndProject
Global
	GlobalSection(SolutionConfigurationPlatforms) = preSolution
		Debug|Any CPU = Debug|Any CPU
		Release|Any CPU = Release|Any CPU
	EndGlobalSection
	GlobalSection(ProjectConfigurationPlatforms) = postSolution
		{652DF6F0-46AF-4069-9B38-FCAB284AF799}.Debug|Any CPU.ActiveCfg = Debug|Any CPU
		{652DF6F0-46AF-4069-9B38-FCAB284AF799}.Debug|Any CPU.Build.0 = Debug|Any CPU
		{652DF6F0-46AF-4069-9B38-FCAB284AF799}.Release|Any CPU.ActiveCfg = Release|Any CPU
		{652DF6F0-46AF-4069-9B38-FCAB284AF799}.Release|Any CPU.Build.0 = Release|Any CPU
		{877B9725-97B8-44A2-AAB9-DFC78D589917}.Debug|Any CPU.ActiveCfg = Debug|Any CPU
		{877B9725-97B8-44A2-AAB9-DFC78D589917}.Debug|Any CPU.Build.0 = Debug|Any CPU
		{877B9725-97B8-44A2-AAB9-DFC78D589917}.Release|Any CPU.ActiveCfg = Release|Any CPU
		{877B9725-97B8-44A2-AAB9-DFC78D589917}.Release|Any CPU.Build.0 = Release|Any CPU
	EndGlobalSection
	GlobalSection(SolutionProperties) = preSolution
		HideSolutionNode = FALSE
	EndGlobalSection
EndGlobal
